
Microsoft Visual Studio Solution File, Format Version 12.00
# Visual Studio Version 16
VisualStudioVersion = 16.0.29519.87
MinimumVisualStudioVersion = 10.0.40219.1
Project("{FAE04EC0-301F-11D3-BF4B-00C04F79EFBC}") = "Tienda2", "Tienda2\Tienda2.csproj", "{D2F7B5E1-BF05-489E-8901-9F88C9688F7B}"
EndProject
Project("{FAE04EC0-301F-11D3-BF4B-00C04F79EFBC}") = "Datos", "Datos\Datos.csproj", "{934822FF-4900-48C8-996A-2BC4C585B081}"
EndProject
Project("{FAE04EC0-301F-11D3-BF4B-00C04F79EFBC}") = "Interfaces", "Interfaces\Interfaces.csproj", "{6CE2B70C-AD94-409A-B7B5-159F4F14852C}"
EndProject
Project("{FAE04EC0-301F-11D3-BF4B-00C04F79EFBC}") = "Logica", "Logica\Logica.csproj", "{5124B270-9D6A-4144-AA11-E88654F68977}"
EndProject
Global
	GlobalSection(SolutionConfigurationPlatforms) = preSolution
		Debug|Any CPU = Debug|Any CPU
		Release|Any CPU = Release|Any CPU
	EndGlobalSection
	GlobalSection(ProjectConfigurationPlatforms) = postSolution
		{D2F7B5E1-BF05-489E-8901-9F88C9688F7B}.Debug|Any CPU.ActiveCfg = Debug|Any CPU
		{D2F7B5E1-BF05-489E-8901-9F88C9688F7B}.Debug|Any CPU.Build.0 = Debug|Any CPU
		{D2F7B5E1-BF05-489E-8901-9F88C9688F7B}.Release|Any CPU.ActiveCfg = Release|Any CPU
		{D2F7B5E1-BF05-489E-8901-9F88C9688F7B}.Release|Any CPU.Build.0 = Release|Any CPU
		{934822FF-4900-48C8-996A-2BC4C585B081}.Debug|Any CPU.ActiveCfg = Debug|Any CPU
		{934822FF-4900-48C8-996A-2BC4C585B081}.Debug|Any CPU.Build.0 = Debug|Any CPU
		{934822FF-4900-48C8-996A-2BC4C585B081}.Release|Any CPU.ActiveCfg = Release|Any CPU
		{934822FF-4900-48C8-996A-2BC4C585B081}.Release|Any CPU.Build.0 = Release|Any CPU
		{6CE2B70C-AD94-409A-B7B5-159F4F14852C}.Debug|Any CPU.ActiveCfg = Debug|Any CPU
		{6CE2B70C-AD94-409A-B7B5-159F4F14852C}.Debug|Any CPU.Build.0 = Debug|Any CPU
		{6CE2B70C-AD94-409A-B7B5-159F4F14852C}.Release|Any CPU.ActiveCfg = Release|Any CPU
		{6CE2B70C-AD94-409A-B7B5-159F4F14852C}.Release|Any CPU.Build.0 = Release|Any CPU
		{5124B270-9D6A-4144-AA11-E88654F68977}.Debug|Any CPU.ActiveCfg = Debug|Any CPU
		{5124B270-9D6A-4144-AA11-E88654F68977}.Debug|Any CPU.Build.0 = Debug|Any CPU
		{5124B270-9D6A-4144-AA11-E88654F68977}.Release|Any CPU.ActiveCfg = Release|Any CPU
		{5124B270-9D6A-4144-AA11-E88654F68977}.Release|Any CPU.Build.0 = Release|Any CPU
	EndGlobalSection
	GlobalSection(SolutionProperties) = preSolution
		HideSolutionNode = FALSE
	EndGlobalSection
	GlobalSection(ExtensibilityGlobals) = postSolution
		SolutionGuid = {1F0299B5-9040-4F34-8F08-1A1C8BE9F14A}
	EndGlobalSection
EndGlobal
